Microsoft Visual Studio Solution File, Format Version 12.00
# Visual Studio Version 17
VisualStudioVersion = 17.5.2.0
MinimumVisualStudioVersion = 10.0.40219.1
Project("{FAE04EC0-301F-11D3-BF4B-00C04F79EFBC}") = "SDL3-with-image", "SDL3-with-image.csproj", "{767FD2FF-9DA7-8FC2-46C6-00ADC15CFBD4}"
EndProject
Global
	GlobalSection(SolutionConfigurationPlatforms) = preSolution
		Debug|Any CPU = Debug|Any CPU
		Release|Any CPU = Release|Any CPU
	EndGlobalSection
	GlobalSection(ProjectConfigurationPlatforms) = postSolution
		{767FD2FF-9DA7-8FC2-46C6-00ADC15CFBD4}.Debug|Any CPU.ActiveCfg = Debug|Any CPU
		{767FD2FF-9DA7-8FC2-46C6-00ADC15CFBD4}.Debug|Any CPU.Build.0 = Debug|Any CPU
		{767FD2FF-9DA7-8FC2-46C6-00ADC15CFBD4}.Release|Any CPU.ActiveCfg = Release|Any CPU
		{767FD2FF-9DA7-8FC2-46C6-00ADC15CFBD4}.Release|Any CPU.Build.0 = Release|Any CPU
	EndGlobalSection
	GlobalSection(SolutionProperties) = preSolution
		HideSolutionNode = FALSE
	EndGlobalSection
	GlobalSection(ExtensibilityGlobals) = postSolution
		SolutionGuid = {4C0B40E1-0BB3-4722-8FA5-24AA63B861DA}
	EndGlobalSection
EndGlobal
