Microsoft Visual Studio Solution File, Format Version 12.00
# Visual Studio Version 17
VisualStudioVersion = 17.5.2.0
MinimumVisualStudioVersion = 10.0.40219.1
Project("{FAE04EC0-301F-11D3-BF4B-00C04F79EFBC}") = "SDL3-Time", "SDL3-Time.csproj", "{169336C7-80A4-58A2-37A2-73E20C81D095}"
EndProject
Global
	GlobalSection(SolutionConfigurationPlatforms) = preSolution
		Debug|Any CPU = Debug|Any CPU
		Release|Any CPU = Release|Any CPU
	EndGlobalSection
	GlobalSection(ProjectConfigurationPlatforms) = postSolution
		{169336C7-80A4-58A2-37A2-73E20C81D095}.Debug|Any CPU.ActiveCfg = Debug|Any CPU
		{169336C7-80A4-58A2-37A2-73E20C81D095}.Debug|Any CPU.Build.0 = Debug|Any CPU
		{169336C7-80A4-58A2-37A2-73E20C81D095}.Release|Any CPU.ActiveCfg = Release|Any CPU
		{169336C7-80A4-58A2-37A2-73E20C81D095}.Release|Any CPU.Build.0 = Release|Any CPU
	EndGlobalSection
	GlobalSection(SolutionProperties) = preSolution
		HideSolutionNode = FALSE
	EndGlobalSection
	GlobalSection(ExtensibilityGlobals) = postSolution
		SolutionGuid = {080C9C64-4A3E-4926-B7B4-9F3E3F7DE886}
	EndGlobalSection
EndGlobal
